
Microsoft Visual Studio Solution File, Format Version 11.00
# Visual Studio 2010
Project("{FAE04EC0-301F-11D3-BF4B-00C04F79EFBC}") = "Zenject", "Zenject.csproj", "{20af6811-ccd9-02b8-8904-ba2e4b9ddd10}"
EndProject
Project("{FAE04EC0-301F-11D3-BF4B-00C04F79EFBC}") = "Zenject-IntegrationTests", "Zenject-IntegrationTests.csproj", "{8a808319-2fd1-39d5-bc3c-91ac357243cd}"
EndProject
Project("{FAE04EC0-301F-11D3-BF4B-00C04F79EFBC}") = "Assembly-CSharp", "Assembly-CSharp.csproj", "{f75b055f-3be1-62ed-beb9-366a7a0c96f0}"
EndProject
Project("{FAE04EC0-301F-11D3-BF4B-00C04F79EFBC}") = "Zenject-IntegrationTests-Editor", "Zenject-IntegrationTests-Editor.csproj", "{f30afb62-3bb1-f6fb-e4bb-af9587faae5b}"
EndProject
Project("{FAE04EC0-301F-11D3-BF4B-00C04F79EFBC}") = "Zenject-ReflectionBaking-Editor", "Zenject-ReflectionBaking-Editor.csproj", "{01dbe488-ac08-117f-7eb7-13576ad53fb6}"
EndProject
Project("{FAE04EC0-301F-11D3-BF4B-00C04F79EFBC}") = "Zenject-UnitTests-Editor", "Zenject-UnitTests-Editor.csproj", "{545c63bc-68a4-f4f6-692b-ca1e484a7498}"
EndProject
Project("{FAE04EC0-301F-11D3-BF4B-00C04F79EFBC}") = "Zenject-Editor", "Zenject-Editor.csproj", "{aa07845e-6fd6-0ddd-1497-1e759c96aebc}"
EndProject
Project("{FAE04EC0-301F-11D3-BF4B-00C04F79EFBC}") = "Assembly-CSharp-firstpass", "Assembly-CSharp-firstpass.csproj", "{760f1657-e0e6-41d1-27a5-73546e40de79}"
EndProject
Project("{FAE04EC0-301F-11D3-BF4B-00C04F79EFBC}") = "Zenject-TestFramework", "Zenject-TestFramework.csproj", "{1e660efc-2984-b8c8-9b8d-f2a4c49042f5}"
EndProject
Project("{FAE04EC0-301F-11D3-BF4B-00C04F79EFBC}") = "Zenject-PoolMonitor-Editor", "Zenject-PoolMonitor-Editor.csproj", "{87dafd64-62c2-a04e-595b-cfbc02c98e7c}"
EndProject
Global
	GlobalSection(SolutionConfigurationPlatforms) = preSolution
		Debug|Any CPU = Debug|Any CPU
	EndGlobalSection
	GlobalSection(ProjectConfigurationPlatforms) = postSolution
		{20af6811-ccd9-02b8-8904-ba2e4b9ddd10}.Debug|Any CPU.ActiveCfg = Debug|Any CPU
		{20af6811-ccd9-02b8-8904-ba2e4b9ddd10}.Debug|Any CPU.Build.0 = Debug|Any CPU
		{8a808319-2fd1-39d5-bc3c-91ac357243cd}.Debug|Any CPU.ActiveCfg = Debug|Any CPU
		{8a808319-2fd1-39d5-bc3c-91ac357243cd}.Debug|Any CPU.Build.0 = Debug|Any CPU
		{f75b055f-3be1-62ed-beb9-366a7a0c96f0}.Debug|Any CPU.ActiveCfg = Debug|Any CPU
		{f75b055f-3be1-62ed-beb9-366a7a0c96f0}.Debug|Any CPU.Build.0 = Debug|Any CPU
		{f30afb62-3bb1-f6fb-e4bb-af9587faae5b}.Debug|Any CPU.ActiveCfg = Debug|Any CPU
		{f30afb62-3bb1-f6fb-e4bb-af9587faae5b}.Debug|Any CPU.Build.0 = Debug|Any CPU
		{01dbe488-ac08-117f-7eb7-13576ad53fb6}.Debug|Any CPU.ActiveCfg = Debug|Any CPU
		{01dbe488-ac08-117f-7eb7-13576ad53fb6}.Debug|Any CPU.Build.0 = Debug|Any CPU
		{545c63bc-68a4-f4f6-692b-ca1e484a7498}.Debug|Any CPU.ActiveCfg = Debug|Any CPU
		{545c63bc-68a4-f4f6-692b-ca1e484a7498}.Debug|Any CPU.Build.0 = Debug|Any CPU
		{aa07845e-6fd6-0ddd-1497-1e759c96aebc}.Debug|Any CPU.ActiveCfg = Debug|Any CPU
		{aa07845e-6fd6-0ddd-1497-1e759c96aebc}.Debug|Any CPU.Build.0 = Debug|Any CPU
		{760f1657-e0e6-41d1-27a5-73546e40de79}.Debug|Any CPU.ActiveCfg = Debug|Any CPU
		{760f1657-e0e6-41d1-27a5-73546e40de79}.Debug|Any CPU.Build.0 = Debug|Any CPU
		{1e660efc-2984-b8c8-9b8d-f2a4c49042f5}.Debug|Any CPU.ActiveCfg = Debug|Any CPU
		{1e660efc-2984-b8c8-9b8d-f2a4c49042f5}.Debug|Any CPU.Build.0 = Debug|Any CPU
		{87dafd64-62c2-a04e-595b-cfbc02c98e7c}.Debug|Any CPU.ActiveCfg = Debug|Any CPU
		{87dafd64-62c2-a04e-595b-cfbc02c98e7c}.Debug|Any CPU.Build.0 = Debug|Any CPU
	EndGlobalSection
	GlobalSection(SolutionProperties) = preSolution
		HideSolutionNode = FALSE
	EndGlobalSection
EndGlobal
